Microsoft Visual Studio Solution File, Format Version 11.00
# Visual Studio 2008

Project("{002819E3-6EDD-E02E-23F2-61E2B0BC3ABC}") = "LearnFPS", "Assembly-CSharp.csproj", "{FB39EBB6-D99F-AD90-1514-9E2C97353607}"
EndProject
Project("{002819E3-6EDD-E02E-23F2-61E2B0BC3ABC}") = "LearnFPS", "Assembly-CSharp-Editor.csproj", "{ABB1A972-10F3-1BA2-5A52-724DD5F8525F}"
EndProject
Global
	GlobalSection(SolutionConfigurationPlatforms) = preSolution
		Debug|Any CPU = Debug|Any CPU
		Release|Any CPU = Release|Any CPU
	EndGlobalSection
	GlobalSection(ProjectConfigurationPlatforms) = postSolution
		{FB39EBB6-D99F-AD90-1514-9E2C97353607}.Debug|Any CPU.ActiveCfg = Debug|Any CPU
		{FB39EBB6-D99F-AD90-1514-9E2C97353607}.Debug|Any CPU.Build.0 = Debug|Any CPU
		{FB39EBB6-D99F-AD90-1514-9E2C97353607}.Release|Any CPU.ActiveCfg = Release|Any CPU
		{FB39EBB6-D99F-AD90-1514-9E2C97353607}.Release|Any CPU.Build.0 = Release|Any CPU
		{ABB1A972-10F3-1BA2-5A52-724DD5F8525F}.Debug|Any CPU.ActiveCfg = Debug|Any CPU
		{ABB1A972-10F3-1BA2-5A52-724DD5F8525F}.Debug|Any CPU.Build.0 = Debug|Any CPU
		{ABB1A972-10F3-1BA2-5A52-724DD5F8525F}.Release|Any CPU.ActiveCfg = Release|Any CPU
		{ABB1A972-10F3-1BA2-5A52-724DD5F8525F}.Release|Any CPU.Build.0 = Release|Any CPU
	EndGlobalSection
	GlobalSection(SolutionProperties) = preSolution
		HideSolutionNode = FALSE
	EndGlobalSection
	GlobalSection(MonoDevelopProperties) = preSolution
		StartupItem = Assembly-CSharp.csproj
	EndGlobalSection
EndGlobal
